
Microsoft Visual Studio Solution File, Format Version 12.00
# Visual Studio Version 16
VisualStudioVersion = 16.0.32126.315
MinimumVisualStudioVersion = 10.0.40219.1
Project("{FAE04EC0-301F-11D3-BF4B-00C04F79EFBC}") = "ExtensionsTask", "ExtensionsTask\ExtensionsTask.csproj", "{45B11CBF-417C-4600-997C-56CDF3000AD4}"
EndProject
Project("{FAE04EC0-301F-11D3-BF4B-00C04F79EFBC}") = "Extensions", "Extensions\Extensions.csproj", "{FB547459-412D-49F8-84A5-CE6D548DAADD}"
EndProject
Global
	GlobalSection(SolutionConfigurationPlatforms) = preSolution
		Debug|Any CPU = Debug|Any CPU
		Release|Any CPU = Release|Any CPU
	EndGlobalSection
	GlobalSection(ProjectConfigurationPlatforms) = postSolution
		{45B11CBF-417C-4600-997C-56CDF3000AD4}.Debug|Any CPU.ActiveCfg = Debug|Any CPU
		{45B11CBF-417C-4600-997C-56CDF3000AD4}.Debug|Any CPU.Build.0 = Debug|Any CPU
		{45B11CBF-417C-4600-997C-56CDF3000AD4}.Release|Any CPU.ActiveCfg = Release|Any CPU
		{45B11CBF-417C-4600-997C-56CDF3000AD4}.Release|Any CPU.Build.0 = Release|Any CPU
		{FB547459-412D-49F8-84A5-CE6D548DAADD}.Debug|Any CPU.ActiveCfg = Debug|Any CPU
		{FB547459-412D-49F8-84A5-CE6D548DAADD}.Debug|Any CPU.Build.0 = Debug|Any CPU
		{FB547459-412D-49F8-84A5-CE6D548DAADD}.Release|Any CPU.ActiveCfg = Release|Any CPU
		{FB547459-412D-49F8-84A5-CE6D548DAADD}.Release|Any CPU.Build.0 = Release|Any CPU
	EndGlobalSection
	GlobalSection(SolutionProperties) = preSolution
		HideSolutionNode = FALSE
	EndGlobalSection
	GlobalSection(ExtensibilityGlobals) = postSolution
		SolutionGuid = {B406FF21-A29A-454B-AF24-30FBB603E6BC}
	EndGlobalSection
EndGlobal
